
Microsoft Visual Studio Solution File, Format Version 12.00
# Visual Studio Version 17
VisualStudioVersion = 17.11.35222.181
MinimumVisualStudioVersion = 10.0.40219.1
Project("{FAE04EC0-301F-11D3-BF4B-00C04F79EFBC}") = "MidTerm_PSO_System", "MidTerm_PSO_System\MidTerm_PSO_System.csproj", "{6385B376-BF79-48D0-BDA8-D3C383616CD2}"
EndProject
Project("{FAE04EC0-301F-11D3-BF4B-00C04F79EFBC}") = "KHDate", "..\KHDate\KHDate.csproj", "{82539878-7F13-45BD-894A-46B4D589B817}"
EndProject
Global
	GlobalSection(SolutionConfigurationPlatforms) = preSolution
		Debug|Any CPU = Debug|Any CPU
		Release|Any CPU = Release|Any CPU
	EndGlobalSection
	GlobalSection(ProjectConfigurationPlatforms) = postSolution
		{6385B376-BF79-48D0-BDA8-D3C383616CD2}.Debug|Any CPU.ActiveCfg = Debug|Any CPU
		{6385B376-BF79-48D0-BDA8-D3C383616CD2}.Debug|Any CPU.Build.0 = Debug|Any CPU
		{6385B376-BF79-48D0-BDA8-D3C383616CD2}.Release|Any CPU.ActiveCfg = Release|Any CPU
		{6385B376-BF79-48D0-BDA8-D3C383616CD2}.Release|Any CPU.Build.0 = Release|Any CPU
		{82539878-7F13-45BD-894A-46B4D589B817}.Debug|Any CPU.ActiveCfg = Debug|Any CPU
		{82539878-7F13-45BD-894A-46B4D589B817}.Debug|Any CPU.Build.0 = Debug|Any CPU
		{82539878-7F13-45BD-894A-46B4D589B817}.Release|Any CPU.ActiveCfg = Release|Any CPU
		{82539878-7F13-45BD-894A-46B4D589B817}.Release|Any CPU.Build.0 = Release|Any CPU
	EndGlobalSection
	GlobalSection(SolutionProperties) = preSolution
		HideSolutionNode = FALSE
	EndGlobalSection
	GlobalSection(ExtensibilityGlobals) = postSolution
		SolutionGuid = {96FF2578-7A54-42AE-957C-53A07D17B8F3}
	EndGlobalSection
EndGlobal
